
Microsoft Visual Studio Solution File, Format Version 12.00
# Visual Studio Version 17
VisualStudioVersion = 17.13.35919.96
MinimumVisualStudioVersion = 10.0.40219.1
Project("{FAE04EC0-301F-11D3-BF4B-00C04F79EFBC}") = "ConsumerService", "ConsumerService\ConsumerService.csproj", "{AF81AB11-C036-4398-B698-91861BC038A0}"
EndProject
Project("{2150E333-8FDC-42A3-9474-1A3956D46DE8}") = "Test", "Test", "{02EA681E-C7D8-13C7-8484-4AC65E1B71E8}"
EndProject
Project("{FAE04EC0-301F-11D3-BF4B-00C04F79EFBC}") = "ConsumerService.UnitTest", "ConsumerService.UnitTest\ConsumerService.UnitTest.csproj", "{5DDF9F83-CE53-45FA-9137-C1C0C21F4164}"
EndProject
Global
	GlobalSection(SolutionConfigurationPlatforms) = preSolution
		Debug|Any CPU = Debug|Any CPU
		Release|Any CPU = Release|Any CPU
	EndGlobalSection
	GlobalSection(ProjectConfigurationPlatforms) = postSolution
		{AF81AB11-C036-4398-B698-91861BC038A0}.Debug|Any CPU.ActiveCfg = Debug|Any CPU
		{AF81AB11-C036-4398-B698-91861BC038A0}.Debug|Any CPU.Build.0 = Debug|Any CPU
		{AF81AB11-C036-4398-B698-91861BC038A0}.Release|Any CPU.ActiveCfg = Release|Any CPU
		{AF81AB11-C036-4398-B698-91861BC038A0}.Release|Any CPU.Build.0 = Release|Any CPU
		{5DDF9F83-CE53-45FA-9137-C1C0C21F4164}.Debug|Any CPU.ActiveCfg = Debug|Any CPU
		{5DDF9F83-CE53-45FA-9137-C1C0C21F4164}.Debug|Any CPU.Build.0 = Debug|Any CPU
		{5DDF9F83-CE53-45FA-9137-C1C0C21F4164}.Release|Any CPU.ActiveCfg = Release|Any CPU
		{5DDF9F83-CE53-45FA-9137-C1C0C21F4164}.Release|Any CPU.Build.0 = Release|Any CPU
	EndGlobalSection
	GlobalSection(SolutionProperties) = preSolution
		HideSolutionNode = FALSE
	EndGlobalSection
	GlobalSection(NestedProjects) = preSolution
		{5DDF9F83-CE53-45FA-9137-C1C0C21F4164} = {02EA681E-C7D8-13C7-8484-4AC65E1B71E8}
	EndGlobalSection
	GlobalSection(ExtensibilityGlobals) = postSolution
		SolutionGuid = {470C17CE-9887-4510-93AB-8BD417C0E6AB}
	EndGlobalSection
EndGlobal
